
Microsoft Visual Studio Solution File, Format Version 12.00
# Visual Studio Version 16
VisualStudioVersion = 16.0.30011.22
MinimumVisualStudioVersion = 10.0.40219.1
Project("{9A19103F-16F7-4668-BE54-9A1E7A4F7556}") = "Arashi.Azure", "Arashi.Azure\Arashi.Azure.csproj", "{9BA3A887-3921-4CEE-91F6-8C902C46DEA8}"
EndProject
Project("{9A19103F-16F7-4668-BE54-9A1E7A4F7556}") = "Arashi.Aoi", "Arashi.Aoi\Arashi.Aoi.csproj", "{5EA0F2EC-4E7E-4C4B-B2B1-F351DC7440F6}"
EndProject
Project("{FAE04EC0-301F-11D3-BF4B-00C04F79EFBC}") = "Arashi.Shimbashi", "Arashi.Shimbashi\Arashi.Shimbashi.csproj", "{EE6E2507-3DF2-49A9-B3E8-24395A06B637}"
EndProject
Global
	GlobalSection(SolutionConfigurationPlatforms) = preSolution
		Debug|Any CPU = Debug|Any CPU
		Release|Any CPU = Release|Any CPU
	EndGlobalSection
	GlobalSection(ProjectConfigurationPlatforms) = postSolution
		{9BA3A887-3921-4CEE-91F6-8C902C46DEA8}.Debug|Any CPU.ActiveCfg = Debug|Any CPU
		{9BA3A887-3921-4CEE-91F6-8C902C46DEA8}.Debug|Any CPU.Build.0 = Debug|Any CPU
		{9BA3A887-3921-4CEE-91F6-8C902C46DEA8}.Release|Any CPU.ActiveCfg = Release|Any CPU
		{9BA3A887-3921-4CEE-91F6-8C902C46DEA8}.Release|Any CPU.Build.0 = Release|Any CPU
		{5EA0F2EC-4E7E-4C4B-B2B1-F351DC7440F6}.Debug|Any CPU.ActiveCfg = Debug|Any CPU
		{5EA0F2EC-4E7E-4C4B-B2B1-F351DC7440F6}.Debug|Any CPU.Build.0 = Debug|Any CPU
		{5EA0F2EC-4E7E-4C4B-B2B1-F351DC7440F6}.Release|Any CPU.ActiveCfg = Release|Any CPU
		{5EA0F2EC-4E7E-4C4B-B2B1-F351DC7440F6}.Release|Any CPU.Build.0 = Release|Any CPU
		{EE6E2507-3DF2-49A9-B3E8-24395A06B637}.Debug|Any CPU.ActiveCfg = Debug|Any CPU
		{EE6E2507-3DF2-49A9-B3E8-24395A06B637}.Debug|Any CPU.Build.0 = Debug|Any CPU
		{EE6E2507-3DF2-49A9-B3E8-24395A06B637}.Release|Any CPU.ActiveCfg = Release|Any CPU
		{EE6E2507-3DF2-49A9-B3E8-24395A06B637}.Release|Any CPU.Build.0 = Release|Any CPU
	EndGlobalSection
	GlobalSection(SolutionProperties) = preSolution
		HideSolutionNode = FALSE
	EndGlobalSection
	GlobalSection(ExtensibilityGlobals) = postSolution
		SolutionGuid = {C0322EB5-58F9-4B99-8363-0710D726701E}
	EndGlobalSection
EndGlobal
